
Microsoft Visual Studio Solution File, Format Version 12.00
# Visual Studio Version 17
VisualStudioVersion = 17.5.33516.290
MinimumVisualStudioVersion = 10.0.40219.1
Project("{9A19103F-16F7-4668-BE54-9A1E7A4F7556}") = "CoreDemo", "CoreDemo\CoreDemo.csproj", "{7CD11965-6C59-41A1-919B-2C950EF1AB76}"
EndProject
Project("{FAE04EC0-301F-11D3-BF4B-00C04F79EFBC}") = "EntityLayer", "EntityLayer\EntityLayer.csproj", "{120CF716-5483-4A5A-A827-62870338ADF8}"
EndProject
Project("{FAE04EC0-301F-11D3-BF4B-00C04F79EFBC}") = "DataAccessLayer", "DataAccessLayer\DataAccessLayer.csproj", "{870F647D-C915-47DC-B3BE-FA857F77FEC1}"
EndProject
Project("{FAE04EC0-301F-11D3-BF4B-00C04F79EFBC}") = "BusinessLayer", "BusinessLayer\BusinessLayer.csproj", "{EBA781DE-2C9E-49B6-939E-3B64AAF0AC8E}"
EndProject
Project("{FAE04EC0-301F-11D3-BF4B-00C04F79EFBC}") = "CoreLayer", "CoreLayer\CoreLayer.csproj", "{A435B79E-6111-44D6-9842-4F6F0B5722B8}"
EndProject
Global
	GlobalSection(SolutionConfigurationPlatforms) = preSolution
		Debug|Any CPU = Debug|Any CPU
		Release|Any CPU = Release|Any CPU
	EndGlobalSection
	GlobalSection(ProjectConfigurationPlatforms) = postSolution
		{7CD11965-6C59-41A1-919B-2C950EF1AB76}.Debug|Any CPU.ActiveCfg = Debug|Any CPU
		{7CD11965-6C59-41A1-919B-2C950EF1AB76}.Debug|Any CPU.Build.0 = Debug|Any CPU
		{7CD11965-6C59-41A1-919B-2C950EF1AB76}.Release|Any CPU.ActiveCfg = Release|Any CPU
		{7CD11965-6C59-41A1-919B-2C950EF1AB76}.Release|Any CPU.Build.0 = Release|Any CPU
		{120CF716-5483-4A5A-A827-62870338ADF8}.Debug|Any CPU.ActiveCfg = Debug|Any CPU
		{120CF716-5483-4A5A-A827-62870338ADF8}.Debug|Any CPU.Build.0 = Debug|Any CPU
		{120CF716-5483-4A5A-A827-62870338ADF8}.Release|Any CPU.ActiveCfg = Release|Any CPU
		{120CF716-5483-4A5A-A827-62870338ADF8}.Release|Any CPU.Build.0 = Release|Any CPU
		{870F647D-C915-47DC-B3BE-FA857F77FEC1}.Debug|Any CPU.ActiveCfg = Debug|Any CPU
		{870F647D-C915-47DC-B3BE-FA857F77FEC1}.Debug|Any CPU.Build.0 = Debug|Any CPU
		{870F647D-C915-47DC-B3BE-FA857F77FEC1}.Release|Any CPU.ActiveCfg = Release|Any CPU
		{870F647D-C915-47DC-B3BE-FA857F77FEC1}.Release|Any CPU.Build.0 = Release|Any CPU
		{EBA781DE-2C9E-49B6-939E-3B64AAF0AC8E}.Debug|Any CPU.ActiveCfg = Debug|Any CPU
		{EBA781DE-2C9E-49B6-939E-3B64AAF0AC8E}.Debug|Any CPU.Build.0 = Debug|Any CPU
		{EBA781DE-2C9E-49B6-939E-3B64AAF0AC8E}.Release|Any CPU.ActiveCfg = Release|Any CPU
		{EBA781DE-2C9E-49B6-939E-3B64AAF0AC8E}.Release|Any CPU.Build.0 = Release|Any CPU
		{A435B79E-6111-44D6-9842-4F6F0B5722B8}.Debug|Any CPU.ActiveCfg = Debug|Any CPU
		{A435B79E-6111-44D6-9842-4F6F0B5722B8}.Debug|Any CPU.Build.0 = Debug|Any CPU
		{A435B79E-6111-44D6-9842-4F6F0B5722B8}.Release|Any CPU.ActiveCfg = Release|Any CPU
		{A435B79E-6111-44D6-9842-4F6F0B5722B8}.Release|Any CPU.Build.0 = Release|Any CPU
	EndGlobalSection
	GlobalSection(SolutionProperties) = preSolution
		HideSolutionNode = FALSE
	EndGlobalSection
	GlobalSection(ExtensibilityGlobals) = postSolution
		SolutionGuid = {6699D212-2D54-4778-BD3F-5F5A0BF9B350}
	EndGlobalSection
EndGlobal
